             _ADTRIG2L = 0xb88
                    0x0b88                  _ADTRIG2Lbits = 0xb88
                    0x0b8a                  ADTRIG2H = 0xb8a
                    0x0b8a                  _ADTRIG2H = 0xb8a
                    0x0b8a                  _ADTRIG2Hbits = 0xb8a
                    0x0b8c                  ADTRIG3L = 0xb8c
                    0x0b8c                  _ADTRIG3L = 0xb8c
                    0x0b8c                  _ADTRIG3Lbits = 0xb8c
                    0x0b8e                  ADTRIG3H = 0xb8e
                    0x0b8e                  _ADTRIG3H = 0xb8e
                    0x0b8e                  _ADTRIG3Hbits = 0xb8e
                    0x0b90                  ADTRIG4L = 0xb90
                    0x0b90                  _ADTRIG4L = 0xb90
                    0x0b90                  _ADTRIG4Lbits = 0xb90
                    0x0b92                  ADTRIG4H = 0xb92
                    0x0b92                  _ADTRIG4H = 0xb92
                    0x0b92                  _ADTRIG4Hbits = 0xb92
                    0x0b94                  ADTRIG5L = 0xb94
                    0x0b94                  _ADTRIG5L = 0xb94
                    0x0b94                  _ADTRIG5Lbits = 0xb94
                    0x0b96                  ADTRIG5H = 0xb96
                    0x0b96                  _ADTRIG5H = 0xb96
                    0x0b96                  _ADTRIG5Hbits = 0xb96
                    0x0b98                  ADTRIG6L = 0xb98
                    0x0b98                  _ADTRIG6L = 0xb98
                    0x0b98                  _ADTRIG6Lbits = 0xb98
                    0x0ba0                  ADCMP0CON = 0xba0
                    0x0ba0                  _ADCMP0CON = 0xba0
                    0x0ba0                  _ADCMP0CONbits = 0xba0
                    0x0ba4                  ADCMP1CON = 0xba4
                    0x0ba4                  _ADCMP1CON = 0xba4
                    0x0ba4                  _ADCMP1CONbits = 0xba4
                    0x0ba8                  ADCMP2CON = 0xba8
                    0x0ba8                  _ADCMP2CON = 0xba8
                    0x0ba8                  _ADCMP2CONbits = 0xba8
                    0x0bac                  ADCMP3CON = 0xbac
                    0x0bac                  _ADCMP3CON = 0xbac
                    0x0bac                  _ADCMP3CONbits = 0xbac
                    0x0bd0                  ADLVLTRGL = 0xbd0
                    0x0bd0                  _ADLVLTRGL = 0xbd0
                    0x0bd0                  _ADLVLTRGLbits = 0xbd0
                    0x0bd2                  ADLVLTRGH = 0xbd2
                    0x0bd2                  _ADLVLTRGH = 0xbd2
                    0x0bd2                  _ADLVLTRGHbits = 0xbd2
                    0x0bd4                  ADCORE0L = 0xbd4
                    0x0bd4                  _ADCORE0L = 0xbd4
                    0x0bd4                  _ADCORE0Lbits = 0xbd4
                    0x0bd6                  ADCORE0H = 0xbd6
                    0x0bd6                  _ADCORE0H = 0xbd6
                    0x0bd6                  _ADCORE0Hbits = 0xbd6
                    0x0bd8                  ADCORE1L = 0xbd8
                    0x0bd8                  _ADCORE1L = 0xbd8
                    0x0bd8                  _ADCORE1Lbits = 0xbd8
                    0x0bda                  ADCORE1H = 0xbda
                    0x0bda                  _ADCORE1H = 0xbda
                    0x0bda                  _ADCORE1Hbits = 0xbda
                    0x0bf0                  ADEIEL = 0xbf0
                    0x0bf0                  _ADEIEL = 0xbf0
                    0x0bf0                  _ADEIELbits = 0xbf0
                    0x0bf2                  ADEIEH = 0xbf2
                    0x0bf2                  _ADEIEH = 0xbf2
                    0x0bf2                  _ADEIEHbits = 0xbf2
                    0x0bf8                  ADEISTATL = 0xbf8
                    0x0bf8                  _ADEISTATL = 0xbf8
                    0x0bf8                  _ADEISTATLbits = 0xbf8
                    0x0bfa                  ADEISTATH = 0xbfa
                    0x0bfa                  _ADEISTATH = 0xbfa
                    0x0bfa                  _ADEISTATHbits = 0xbfa
                    0x0c00                  ADCON5L = 0xc00
                    0x0c00                  _ADCON5L = 0xc00
                    0x0c00                  _ADCON5Lbits = 0xc00
                    0x0c02                  ADCON5H = 0xc02
                    0x0c02                  _ADCON5H = 0xc02
                    0x0c02                  _ADCON5Hbits = 0xc02
                    0x0c0c                  ADCBUF0 = 0xc0c
                    0x0c0c                  _ADCBUF0 = 0xc0c
                    0x0c0e                  ADCBUF1 = 0xc0e
                    0x0c0e          